
Microsoft Visual Studio Solution File, Format Version 12.00
# Visual Studio Version 16
VisualStudioVersion = 16.0.31613.86
MinimumVisualStudioVersion = 10.0.40219.1
Project("{FAE04EC0-301F-11D3-BF4B-00C04F79EFBC}") = "Deleverable 1", "Deleverable 1\Deleverable 1.csproj", "{8B489ADC-93C1-43BF-9934-069FF2B6A51B}"
EndProject
Global
	GlobalSection(SolutionConfigurationPlatforms) = preSolution
		Debug|Any CPU = Debug|Any CPU
		Release|Any CPU = Release|Any CPU
	EndGlobalSection
	GlobalSection(ProjectConfigurationPlatforms) = postSolution
		{8B489ADC-93C1-43BF-9934-069FF2B6A51B}.Debug|Any CPU.ActiveCfg = Debug|Any CPU
		{8B489ADC-93C1-43BF-9934-069FF2B6A51B}.Debug|Any CPU.Build.0 = Debug|Any CPU
		{8B489ADC-93C1-43BF-9934-069FF2B6A51B}.Release|Any CPU.ActiveCfg = Release|Any CPU
		{8B489ADC-93C1-43BF-9934-069FF2B6A51B}.Release|Any CPU.Build.0 = Release|Any CPU
	EndGlobalSection
	GlobalSection(SolutionProperties) = preSolution
		HideSolutionNode = FALSE
	EndGlobalSection
	GlobalSection(ExtensibilityGlobals) = postSolution
		SolutionGuid = {847E6DA9-9A63-478C-8ADA-BCBBDED7F3A9}
	EndGlobalSection
EndGlobal
